
Microsoft Visual Studio Solution File, Format Version 12.00
# Visual Studio Version 16
VisualStudioVersion = 16.0.28729.10
MinimumVisualStudioVersion = 10.0.40219.1
Project("{FAE04EC0-301F-11D3-BF4B-00C04F79EFBC}") = "IdentityWebApp", "IdentityWebApp\IdentityWebApp.csproj", "{37A26C50-F071-4C0C-9AD9-C09BC93E536F}"
EndProject
Global
	GlobalSection(SolutionConfigurationPlatforms) = preSolution
		Debug|Any CPU = Debug|Any CPU
		Release|Any CPU = Release|Any CPU
	EndGlobalSection
	GlobalSection(ProjectConfigurationPlatforms) = postSolution
		{37A26C50-F071-4C0C-9AD9-C09BC93E536F}.Debug|Any CPU.ActiveCfg = Debug|Any CPU
		{37A26C50-F071-4C0C-9AD9-C09BC93E536F}.Debug|Any CPU.Build.0 = Debug|Any CPU
		{37A26C50-F071-4C0C-9AD9-C09BC93E536F}.Release|Any CPU.ActiveCfg = Release|Any CPU
		{37A26C50-F071-4C0C-9AD9-C09BC93E536F}.Release|Any CPU.Build.0 = Release|Any CPU
	EndGlobalSection
	GlobalSection(SolutionProperties) = preSolution
		HideSolutionNode = FALSE
	EndGlobalSection
	GlobalSection(ExtensibilityGlobals) = postSolution
		SolutionGuid = {6289983C-B961-4C7B-9D6E-22C7686FFA7F}
	EndGlobalSection
EndGlobal
